
Microsoft Visual Studio Solution File, Format Version 12.00
# Visual Studio 14
VisualStudioVersion = 14.0.25420.1
MinimumVisualStudioVersion = 10.0.40219.1
Project("{FAE04EC0-301F-11D3-BF4B-00C04F79EFBC}") = "PriceCalculationExercise", "PriceCalculationExercise\PriceCalculationExercise.csproj", "{63232737-AC29-4DA9-85CD-6B4336943B8E}"
EndProject
Project("{FAE04EC0-301F-11D3-BF4B-00C04F79EFBC}") = "PriceCalculationTests", "PriceCalculationTests\PriceCalculationTests.csproj", "{70C4D3F3-1E79-44FB-8076-BC1FEF6371BB}"
EndProject
Global
	GlobalSection(SolutionConfigurationPlatforms) = preSolution
		Debug|Any CPU = Debug|Any CPU
		Release|Any CPU = Release|Any CPU
	EndGlobalSection
	GlobalSection(ProjectConfigurationPlatforms) = postSolution
		{63232737-AC29-4DA9-85CD-6B4336943B8E}.Debug|Any CPU.ActiveCfg = Debug|Any CPU
		{63232737-AC29-4DA9-85CD-6B4336943B8E}.Debug|Any CPU.Build.0 = Debug|Any CPU
		{63232737-AC29-4DA9-85CD-6B4336943B8E}.Release|Any CPU.ActiveCfg = Release|Any CPU
		{63232737-AC29-4DA9-85CD-6B4336943B8E}.Release|Any CPU.Build.0 = Release|Any CPU
		{70C4D3F3-1E79-44FB-8076-BC1FEF6371BB}.Debug|Any CPU.ActiveCfg = Debug|Any CPU
		{70C4D3F3-1E79-44FB-8076-BC1FEF6371BB}.Debug|Any CPU.Build.0 = Debug|Any CPU
		{70C4D3F3-1E79-44FB-8076-BC1FEF6371BB}.Release|Any CPU.ActiveCfg = Release|Any CPU
		{70C4D3F3-1E79-44FB-8076-BC1FEF6371BB}.Release|Any CPU.Build.0 = Release|Any CPU
	EndGlobalSection
	GlobalSection(SolutionProperties) = preSolution
		HideSolutionNode = FALSE
	EndGlobalSection
EndGlobal
